// !$*UTF8*$!
{
	archiveVersion = 1;
	classes = {
	};
	objectVersion = 56;
	objects = {

/* Begin PBXBuildFile section */
		8C0E0B352AAA206100E3A9FB /* BackgroundBrown.swift in Sources */ = {isa = PBXBuildFile; fileRef = 8C0E0B342AAA206100E3A9FB /* BackgroundBrown.swift */; };
		8C0E0B382AB0B60300E3A9FB /* ButtonView.swift in Sources */ = {isa = PBXBuildFile; fileRef = 8C0E0B372AB0B60300E3A9FB /* ButtonView.swift */; };
		8C427FEE2A9A87C4009C0886 /* InspectBookView.swift in Sources */ = {isa = PBXBuildFile; fileRef = 8C427FED2A9A87C4009C0886 /* InspectBookView.swift */; };
		8C70F42D2A8FA0EC000177CF /* ProjectLibrariumApp.swift in Sources */ = {isa = PBXBuildFile; fileRef = 8C70F42C2A8FA0EC000177CF /* ProjectLibrariumApp.swift */; };
		8C70F42F2A8FA0EC000177CF /* LibrariumMainView.swift in Sources */ = {isa = PBXBuildFile; fileRef = 8C70F42E2A8FA0EC000177CF /* LibrariumMainView.swift */; };
		8C70F4312A8FA0ED000177CF /* Assets.xcassets in Resources */ = {isa = PBXBuildFile; fileRef = 8C70F4302A8FA0ED000177CF /* Assets.xcassets */; };
		8C70F4342A8FA0ED000177CF /* Preview Assets.xcassets in Resources */ = {isa = PBXBuildFile; fileRef = 8C70F4332A8FA0ED000177CF /* Preview Assets.xcassets */; };
		8C812AD22A9513A100EB5D86 /* MockServices.swift in Sources */ = {isa = PBXBuildFile; fileRef = 8C812AD12A9513A100EB5D86 /* MockServices.swift */; };
		8C8D7B602A9285A00026C0FD /* TrendingView.swift in Sources */ = {isa = PBXBuildFile; fileRef = 8C8D7B5F2A9285A00026C0FD /* TrendingView.swift */; };
		8C8D7B622A9286990026C0FD /* ReadBooksView.swift in Sources */ = {isa = PBXBuildFile; fileRef = 8C8D7B612A9286990026C0FD /* ReadBooksView.swift */; };
		8C8D7B642A92874D0026C0FD /* LibrariumViewModel.swift in Sources */ = {isa = PBXBuildFile; fileRef = 8C8D7B632A92874D0026C0FD /* LibrariumViewModel.swift */; };
		8C8D7B672A9287700026C0FD /* AmazonDataModel.swift in Sources */ = {isa = PBXBuildFile; fileRef = 8C8D7B662A9287700026C0FD /* AmazonDataModel.swift */; };
		8C8D7B692A9287810026C0FD /* GoodReeadsDataModel.swift in Sources */ = {isa = PBXBuildFile; fileRef = 8C8D7B682A9287810026C0FD /* GoodReeadsDataModel.swift */; };
		8C8D7B6B2A92878E0026C0FD /* GoogleBooksDataModel.swift in Sources */ = {isa = PBXBuildFile; fileRef = 8C8D7B6A2A92878E0026C0FD /* GoogleBooksDataModel.swift */; };
		8C8D7B6D2A928F370026C0FD /* BookOnShelfView.swift in Sources */ = {isa = PBXBuildFile; fileRef = 8C8D7B6C2A928F370026C0FD /* BookOnShelfView.swift */; };
		8C8D7B6F2A93BB3C0026C0FD /* SearchTabView.swift in Sources */ = {isa = PBXBuildFile; fileRef = 8C8D7B6E2A93BB3C0026C0FD /* SearchTabView.swift */; };
		8C8D7B712A93C0E10026C0FD /* SearchService.swift in Sources */ = {isa = PBXBuildFile; fileRef = 8C8D7B702A93C0E10026C0FD /* SearchService.swift */; };
		8C8D7B732A93C2970026C0FD /* OpenLibraryModel.swift in Sources */ = {isa = PBXBuildFile; fileRef = 8C8D7B722A93C2970026C0FD /* OpenLibraryModel.swift */; };
		8C8D7B752A9509740026C0FD /* SearchResultsView.swift in Sources */ = {isa = PBXBuildFile; fileRef = 8C8D7B742A9509740026C0FD /* SearchResultsView.swift */; };
		8C9616FB2A9BDD8800752441 /* Nuke in Frameworks */ = {isa = PBXBuildFile; productRef = 8C9616FA2A9BDD8800752441 /* Nuke */; };
		8C9616FD2A9BDD8800752441 /* NukeExtensions in Frameworks */ = {isa = PBXBuildFile; productRef = 8C9616FC2A9BDD8800752441 /* NukeExtensions */; };
		8C9616FF2A9BDD8800752441 /* NukeUI in Frameworks */ = {isa = PBXBuildFile; productRef = 8C9616FE2A9BDD8800752441 /* NukeUI */; };
		8C9617012A9BDD8800752441 /* NukeVideo in Frameworks */ = {isa = PBXBuildFile; productRef = 8C9617002A9BDD8800752441 /* NukeVideo */; };
		8C9617032A9E425400752441 /* ReadBooksModel.swift in Sources */ = {isa = PBXBuildFile; fileRef = 8C9617022A9E425400752441 /* ReadBooksModel.swift */; };
		8C9617052A9E4CAD00752441 /* BookShelfView.swift in Sources */ = {isa = PBXBuildFile; fileRef = 8C9617042A9E4CAD00752441 /* BookShelfView.swift */; };
		8C96170A2AA2140800752441 /* ReadBooksShelfView.swift in Sources */ = {isa = PBXBuildFile; fileRef = 8C9617092AA2140800752441 /* ReadBooksShelfView.swift */; };
		8C96170C2AA2158000752441 /* ReadBooksDetailsView.swift in Sources */ = {isa = PBXBuildFile; fileRef = 8C96170B2AA2158000752441 /* ReadBooksDetailsView.swift */; };
		8C96170E2AA2424200752441 /* CoversDisplayView.swift in Sources */ = {isa = PBXBuildFile; fileRef = 8C96170D2AA2424200752441 /* CoversDisplayView.swift */; };
		8C9617102AA6336300752441 /* LoadingSplashView.swift in Sources */ = {isa = PBXBuildFile; fileRef = 8C96170F2AA6336300752441 /* LoadingSplashView.swift */; };
		8CC7F7502AB85FEF009404FF /* SwiftUIView.swift in Sources */ = {isa = PBXBuildFile; fileRef = 8CC7F74F2AB85FEF009404FF /* SwiftUIView.swift */; };
		8CD634122AB20F8D007D3759 /* InfoSheetView.swift in Sources */ = {isa = PBXBuildFile; fileRef = 8CD634112AB20F8D007D3759 /* InfoSheetView.swift */; };
		8CD634152AB221C2007D3759 /* NoBooksFoundErrorView.swift in Sources */ = {isa = PBXBuildFile; fileRef = 8CD634142AB221C2007D3759 /* NoBooksFoundErrorView.swift */; };
		8CD634172AB22455007D3759 /* NoSuchBookExistsView.swift in Sources */ = {isa = PBXBuildFile; fileRef = 8CD634162AB22455007D3759 /* NoSuchBookExistsView.swift */; };
/* End PBXBuildFile section */

/* Begin PBXFileReference section */
		8C0E0B342AAA206100E3A9FB /* BackgroundBrown.swift */ = {isa = PBXFileReference; lastKnownFileType = sourcecode.swift; path = BackgroundBrown.swift; sourceTree = "<group>"; };
		8C0E0B372AB0B60300E3A9FB /* ButtonView.swift */ = {isa = PBXFileReference; lastKnownFileType = sourcecode.swift; path = ButtonView.swift; sourceTree = "<group>"; };
		8C427FED2A9A87C4009C0886 /* InspectBookView.swift */ = {isa = PBXFileReference; lastKnownFileType = sourcecode.swift; path = InspectBookView.swift; sourceTree = "<group>"; };
		8C70F4292A8FA0EC000177CF /* ProjectLibrarium.app */ = {isa = PBXFileReference; explicitFileType = wrapper.application; includeInIndex = 0; path = ProjectLibrarium.app; sourceTree = BUILT_PRODUCTS_DIR; };
		8C70F42C2A8FA0EC000177CF /* ProjectLibrariumApp.swift */ = {isa = PBXFileReference; lastKnownFileType = sourcecode.swift; path = ProjectLibrariumApp.swift; sourceTree = "<group>"; };
		8C70F42E2A8FA0EC000177CF /* LibrariumMainView.swift */ = {isa = PBXFileReference; lastKnownFileType = sourcecode.swift; path = LibrariumMainView.swift; sourceTree = "<group>"; };
		8C70F4302A8FA0ED000177CF /* Assets.xcassets */ = {isa = PBXFileReference; lastKnownFileType = folder.assetcatalog; path = Assets.xcassets; sourceTree = "<group>"; };
		8C70F4332A8FA0ED000177CF /* Preview Assets.xcassets */ = {isa = PBXFileReference; lastKnownFileType = folder.assetcatalog; path = "Preview Assets.xcassets"; sourceTree = "<group>"; };
		8C812AD12A9513A100EB5D86 /* MockServices.swift */ = {isa = PBXFileReference; lastKnownFileType = sourcecode.swift; path = MockServices.swift; sourceTree = "<group>"; };
		8C8D7B5F2A9285A00026C0FD /* TrendingView.swift */ = {isa = PBXFileReference; lastKnownFileType = sourcecode.swift; path = TrendingView.swift; sourceTree = "<group>"; };
		8C8D7B612A9286990026C0FD /* ReadBooksView.swift */ = {isa = PBXFileReference; lastKnownFileType = sourcecode.swift; path = ReadBooksView.swift; sourceTree = "<group>"; };
		8C8D7B632A92874D0026C0FD /* LibrariumViewModel.swift */ = {isa = PBXFileReference; lastKnownFileType = sourcecode.swift; path = LibrariumViewModel.swift; sourceTree = "<group>"; };
		8C8D7B662A9287700026C0FD /* AmazonDataModel.swift */ = {isa = PBXFileReference; lastKnownFileType = sourcecode.swift; path = AmazonDataModel.swift; sourceTree = "<group>"; };
		8C8D7B682A9287810026C0FD /* GoodReeadsDataModel.swift */ = {isa = PBXFileReference; lastKnownFileType = sourcecode.swift; path = GoodReeadsDataModel.swift; sourceTree = "<group>"; };
		8C8D7B6A2A92878E0026C0FD /* GoogleBooksDataModel.swift */ = {isa = PBXFileReference; lastKnownFileType = sourcecode.swift; path = GoogleBooksDataModel.swift; sourceTree = "<group>"; };
		8C8D7B6C2A928F370026C0FD /* BookOnShelfView.swift */ = {isa = PBXFileReference; lastKnownFileType = sourcecode.swift; path = BookOnShelfView.swift; sourceTree = "<group>"; };
		8C8D7B6E2A93BB3C0026C0FD /* SearchTabView.swift */ = {isa = PBXFileReference; lastKnownFileType = sourcecode.swift; path = SearchTabView.swift; sourceTree = "<group>"; };
		8C8D7B702A93C0E10026C0FD /* SearchService.swift */ = {isa = PBXFileReference; lastKnownFileType = sourcecode.swift; path = SearchService.swift; sourceTree = "<group>"; };
		8C8D7B722A93C2970026C0FD /* OpenLibraryModel.swift */ = {isa = PBXFileReference; lastKnownFileType = sourcecode.swift; path = OpenLibraryModel.swift; sourceTree = "<group>"; };
		8C8D7B742A9509740026C0FD /* SearchResultsView.swift */ = {isa = PBXFileReference; lastKnownFileType = sourcecode.swift; path = SearchResultsView.swift; sourceTree = "<group>"; };
		8C9617022A9E425400752441 /* ReadBooksModel.swift */ = {isa = PBXFileReference; lastKnownFileType = sourcecode.swift; path = ReadBooksModel.swift; sourceTree = "<group>"; };
		8C9617042A9E4CAD00752441 /* BookShelfView.swift */ = {isa = PBXFileReference; lastKnownFileType = sourcecode.swift; path = BookShelfView.swift; sourceTree = "<group>"; };
		8C9617092AA2140800752441 /* ReadBooksShelfView.swift */ = {isa = PBXFileReference; lastKnownFileType = sourcecode.swift; path = ReadBooksShelfView.swift; sourceTree = "<group>"; };
		8C96170B2AA2158000752441 /* ReadBooksDetailsView.swift */ = {isa = PBXFileReference; lastKnownFileType = sourcecode.swift; path = ReadBooksDetailsView.swift; sourceTree = "<group>"; };
		8C96170D2AA2424200752441 /* CoversDisplayView.swift */ = {isa = PBXFileReference; lastKnownFileType = sourcecode.swift; path = CoversDisplayView.swift; sourceTree = "<group>"; };
		8C96170F2AA6336300752441 /* LoadingSplashView.swift */ = {isa = PBXFileReference; lastKnownFileType = sourcecode.swift; path = LoadingSplashView.swift; sourceTree = "<group>"; };
		8CC7F74F2AB85FEF009404FF /* SwiftUIView.swift */ = {isa = PBXFileReference; lastKnownFileType = sourcecode.swift; path = SwiftUIView.swift; sourceTree = "<group>"; };
		8CD634112AB20F8D007D3759 /* InfoSheetView.swift */ = {isa = PBXFileReference; lastKnownFileType = sourcecode.swift; path = InfoSheetView.swift; sourceTree = "<group>"; };
		8CD634142AB221C2007D3759 /* NoBooksFoundErrorView.swift */ = {isa = PBXFileReference; lastKnownFileType = sourcecode.swift; path = NoBooksFoundErrorView.swift; sourceTree = "<group>"; };
		8CD634162AB22455007D3759 /* NoSuchBookExistsView.swift */ = {isa = PBXFileReference; lastKnownFileType = sourcecode.swift; path = NoSuchBookExistsView.swift; sourceTree = "<group>"; };
/* End PBXFileReference section */

/* Begin PBXFrameworksBuildPhase section */
		8C70F4262A8FA0EC000177CF /* Frameworks */ = {
			isa = PBXFrameworksBuildPhase;
			buildActionMask = 2147483647;
			files = (
				8C9616FF2A9BDD8800752441 /* NukeUI in Frameworks */,
				8C9616FB2A9BDD8800752441 /* Nuke in Frameworks */,
				8C9616FD2A9BDD8800752441 /* NukeExtensions in Frameworks */,
				8C9617012A9BDD8800752441 /* NukeVideo in Frameworks */,
			);
			runOnlyForDeploymentPostprocessing = 0;
		};
/* End PBXFrameworksBuildPhase section */

/* Begin PBXGroup section */
		8C0E0B362AB0B5D500E3A9FB /* MiscViews */ = {
			isa = PBXGroup;
			children = (
				8C0E0B342AAA206100E3A9FB /* BackgroundBrown.swift */,
				8C96170F2AA6336300752441 /* LoadingSplashView.swift */,
				8C8D7B6C2A928F370026C0FD /* BookOnShelfView.swift */,
				8C0E0B372AB0B60300E3A9FB /* ButtonView.swift */,
				8CD634112AB20F8D007D3759 /* InfoSheetView.swift */,
			);
			path = MiscViews;
			sourceTree = "<group>";
		};
		8C70F4202A8FA0EC000177CF = {
			isa = PBXGroup;
			children = (
				8C70F42B2A8FA0EC000177CF /* ProjectLibrarium */,
				8C70F42A2A8FA0EC000177CF /* Products */,
			);
			sourceTree = "<group>";
		};
		8C70F42A2A8FA0EC000177CF /* Products */ = {
			isa = PBXGroup;
			children = (
				8C70F4292A8FA0EC000177CF /* ProjectLibrarium.app */,
			);
			name = Products;
			sourceTree = "<group>";
		};
		8C70F42B2A8FA0EC000177CF /* ProjectLibrarium */ = {
			isa = PBXGroup;
			children = (
				8C8D7B652A92875D0026C0FD /* Models */,
				8C8D7B5E2A9285800026C0FD /* ViewModels */,
				8C8D7B5D2A9285750026C0FD /* Services */,
				8C8D7B5C2A9285620026C0FD /* Views */,
				8C70F42C2A8FA0EC000177CF /* ProjectLibrariumApp.swift */,
				8C70F4302A8FA0ED000177CF /* Assets.xcassets */,
				8C70F4322A8FA0ED000177CF /* Preview Content */,
			);
			path = ProjectLibrarium;
			sourceTree = "<group>";
		};
		8C70F4322A8FA0ED000177CF /* Preview Content */ = {
			isa = PBXGroup;
			children = (
				8C70F4332A8FA0ED000177CF /* Preview Assets.xcassets */,
			);
			path = "Preview Content";
			sourceTree = "<group>";
		};
		8C8D7B5C2A9285620026C0FD /* Views */ = {
			isa = PBXGroup;
			children = (
				8CD634132AB22191007D3759 /* ErrorViews */,
				8C0E0B362AB0B5D500E3A9FB /* MiscViews */,
				8C9617072AA2101A00752441 /* TrendingTab */,
				8C9617062AA20FE900752441 /* SearchTab */,
				8C9617082AA2106900752441 /* ReadBooksTab */,
				8C70F42E2A8FA0EC000177CF /* LibrariumMainView.swift */,
			);
			path = Views;
			sourceTree = "<group>";
		};
		8C8D7B5D2A9285750026C0FD /* Services */ = {
			isa = PBXGroup;
			children = (
				8C8D7B702A93C0E10026C0FD /* SearchService.swift */,
				8C812AD12A9513A100EB5D86 /* MockServices.swift */,
			);
			path = Services;
			sourceTree = "<group>";
		};
		8C8D7B5E2A9285800026C0FD /* ViewModels */ = {
			isa = PBXGroup;
			children = (
				8C8D7B632A92874D0026C0FD /* LibrariumViewModel.swift */,
			);
			path = ViewModels;
			sourceTree = "<group>";
		};
		8C8D7B652A92875D0026C0FD /* Models */ = {
			isa = PBXGroup;
			children = (
				8C8D7B662A9287700026C0FD /* AmazonDataModel.swift */,
				8C8D7B682A9287810026C0FD /* GoodReeadsDataModel.swift */,
				8C8D7B6A2A92878E0026C0FD /* GoogleBooksDataModel.swift */,
				8C8D7B722A93C2970026C0FD /* OpenLibraryModel.swift */,
				8C9617022A9E425400752441 /* ReadBooksModel.swift */,
			);
			path = Models;
			sourceTree = "<group>";
		};
		8C9617062AA20FE900752441 /* SearchTab */ = {
			isa = PBXGroup;
			children = (
				8C8D7B6E2A93BB3C0026C0FD /* SearchTabView.swift */,
				8C8D7B742A9509740026C0FD /* SearchResultsView.swift */,
				8C427FED2A9A87C4009C0886 /* InspectBookView.swift */,
				8C96170D2AA2424200752441 /* CoversDisplayView.swift */,
			);
			path = SearchTab;
			sourceTree = "<group>";
		};
		8C9617072AA2101A00752441 /* TrendingTab */ = {
			isa = PBXGroup;
			children = (
				8C8D7B5F2A9285A00026C0FD /* TrendingView.swift */,
				8C9617042A9E4CAD00752441 /* BookShelfView.swift */,
			);
			path = TrendingTab;
			sourceTree = "<group>";
		};
		8C9617082AA2106900752441 /* ReadBooksTab */ = {
			isa = PBXGroup;
			children = (
				8C8D7B612A9286990026C0FD /* ReadBooksView.swift */,
				8C9617092AA2140800752441 /* ReadBooksShelfView.swift */,
				8C96170B2AA2158000752441 /* ReadBooksDetailsView.swift */,
			);
			path = ReadBooksTab;
			sourceTree = "<group>";
		};
		8CD634132AB22191007D3759 /* ErrorViews */ = {
			isa = PBXGroup;
			children = (
				8CD634142AB221C2007D3759 /* NoBooksFoundErrorView.swift */,
				8CD634162AB22455007D3759 /* NoSuchBookExistsView.swift */,
				8CC7F74F2AB85FEF009404FF /* SwiftUIView.swift */,
			);
			path = ErrorViews;
			sourceTree = "<group>";
		};
/* End PBXGroup section */

/* Begin PBXNativeTarget section */
		8C70F4282A8FA0EC000177CF /* ProjectLibrarium */ = {
			isa = PBXNativeTarget;
			buildConfigurationList = 8C70F4372A8FA0ED000177CF /* Build configuration list for PBXNativeTarget "ProjectLibrarium" */;
			buildPhases = (
				8C70F4252A8FA0EC000177CF /* Sources */,
				8C70F4262A8FA0EC000177CF /* Frameworks */,
				8C70F4272A8FA0EC000177CF /* Resources */,
			);
			buildRules = (
			);
			dependencies = (
			);
			name = ProjectLibrarium;
			packageProductDependencies = (
				8C9616FA2A9BDD8800752441 /* Nuke */,
				8C9616FC2A9BDD8800752441 /* NukeExtensions */,
				8C9616FE2A9BDD8800752441 /* NukeUI */,
				8C9617002A9BDD8800752441 /* NukeVideo */,
			);
			productName = ProjectLibrarium;
			productReference = 8C70F4292A8FA0EC000177CF /* ProjectLibrarium.app */;
			productType = "com.apple.product-type.application";
		};
/* End PBXNativeTarget section */

/* Begin PBXProject section */
		8C70F4212A8FA0EC000177CF /* Project object */ = {
			isa = PBXProject;
			attributes = {
				BuildIndependentTargetsInParallel = 1;
				LastSwiftUpdateCheck = 1420;
				LastUpgradeCheck = 1420;
				TargetAttributes = {
					8C70F4282A8FA0EC000177CF = {
						CreatedOnToolsVersion = 14.2;
					};
				};
			};
			buildConfigurationList = 8C70F4242A8FA0EC000177CF /* Build configuration list for PBXProject "ProjectLibrarium" */;
			compatibilityVersion = "Xcode 14.0";
			developmentRegion = en;
			hasScannedForEncodings = 0;
			knownRegions = (
				en,
				Base,
			);
			mainGroup = 8C70F4202A8FA0EC000177CF;
			packageReferences = (
				8C9616F92A9BDD8800752441 /* XCRemoteSwiftPackageReference "Nuke" */,
			);
			productRefGroup = 8C70F42A2A8FA0EC000177CF /* Products */;
			projectDirPath = "";
			projectRoot = "";
			targets = (
				8C70F4282A8FA0EC000177CF /* ProjectLibrarium */,
			);
		};
/* End PBXProject section */

/* Begin PBXResourcesBuildPhase section */
		8C70F4272A8FA0EC000177CF /* Resources */ = {
			isa = PBXResourcesBuildPhase;
			buildActionMask = 2147483647;
			files = (
				8C70F4342A8FA0ED000177CF /* Preview Assets.xcassets in Resources */,
				8C70F4312A8FA0ED000177CF /* Assets.xcassets in Resources */,
			);
			runOnlyForDeploymentPostprocessing = 0;
		};
/* End PBXResourcesBuildPhase section */

/* Begin PBXSourcesBuildPhase section */
		8C70F4252A8FA0EC000177CF /* Sources */ = {
			isa = PBXSourcesBuildPhase;
			buildActionMask = 2147483647;
			files = (
				8C8D7B602A9285A00026C0FD /* TrendingView.swift in Sources */,
				8C8D7B6D2A928F370026C0FD /* BookOnShelfView.swift in Sources */,
				8CD634122AB20F8D007D3759 /* InfoSheetView.swift in Sources */,
				8C8D7B672A9287700026C0FD /* AmazonDataModel.swift in Sources */,
				8C9617052A9E4CAD00752441 /* BookShelfView.swift in Sources */,
				8C8D7B712A93C0E10026C0FD /* SearchService.swift in Sources */,
				8C8D7B752A9509740026C0FD /* SearchResultsView.swift in Sources */,
				8C0E0B382AB0B60300E3A9FB /* ButtonView.swift in Sources */,
				8C0E0B352AAA206100E3A9FB /* BackgroundBrown.swift in Sources */,
				8CD634172AB22455007D3759 /* NoSuchBookExistsView.swift in Sources */,
				8C8D7B692A9287810026C0FD /* GoodReeadsDataModel.swift in Sources */,
				8CC7F7502AB85FEF009404FF /* SwiftUIView.swift in Sources */,
				8C427FEE2A9A87C4009C0886 /* InspectBookView.swift in Sources */,
				8C9617102AA6336300752441 /* LoadingSplashView.swift in Sources */,
				8C8D7B6B2A92878E0026C0FD /* GoogleBooksDataModel.swift in Sources */,
				8C812AD22A9513A100EB5D86 /* MockServices.swift in Sources */,
				8C8D7B642A92874D0026C0FD /* LibrariumViewModel.swift in Sources */,
				8C9617032A9E425400752441 /* ReadBooksModel.swift in Sources */,
				8C96170C2AA2158000752441 /* ReadBooksDetailsView.swift in Sources */,
				8C96170E2AA2424200752441 /* CoversDisplayView.swift in Sources */,
				8C96170A2AA2140800752441 /* ReadBooksShelfView.swift in Sources */,
				8C8D7B6F2A93BB3C0026C0FD /* SearchTabView.swift in Sources */,
				8CD634152AB221C2007D3759 /* NoBooksFoundErrorView.swift in Sources */,
				8C70F42F2A8FA0EC000177CF /* LibrariumMainView.swift in Sources */,
				8C8D7B732A93C2970026C0FD /* OpenLibraryModel.swift in Sources */,
				8C70F42D2A8FA0EC000177CF /* ProjectLibrariumApp.swift in Sources */,
				8C8D7B622A9286990026C0FD /* ReadBooksView.swift in Sources */,
			);
			runOnlyForDeploymentPostprocessing = 0;
		};
/* End PBXSourcesBuildPhase section */

/* Begin XCBuildConfiguration section */
		8C70F4352A8FA0ED000177CF /* Debug */ = {
			isa = XCBuildConfiguration;
			buildSettings = {
				ALWAYS_SEARCH_USER_PATHS = NO;
				CLANG_ANALYZER_NONNULL = YES;
				CLANG_ANALYZER_NUMBER_OBJECT_CONVERSION = YES_AGGRESSIVE;
				CLANG_CXX_LANGUAGE_STANDARD = "gnu++20";
				CLANG_ENABLE_MODULES = YES;
				CLANG_ENABLE_OBJC_ARC = YES;
				CLANG_ENABLE_OBJC_WEAK = YES;
				CLANG_WARN_BLOCK_CAPTURE_AUTORELEASING = YES;
				CLANG_WARN_BOOL_CONVERSION = YES;
				CLANG_WARN_COMMA = YES;
				CLANG_WARN_CONSTANT_CONVERSION = YES;
				CLANG_WARN_DEPRECATED_OBJC_IMPLEMENTATIONS = YES;
				CLANG_WARN_DIRECT_OBJC_ISA_USAGE = YES_ERROR;
				CLANG_WARN_DOCUMENTATION_COMMENTS = YES;
				CLANG_WARN_EMPTY_BODY = YES;
				CLANG_WARN_ENUM_CONVERSION = YES;
				CLANG_WARN_INFINITE_RECURSION = YES;
				CLANG_WARN_INT_CONVERSION = YES;
				CLANG_WARN_NON_LITERAL_NULL_CONVERSION = YES;
				CLANG_WARN_OBJC_IMPLICIT_RETAIN_SELF = YES;
				CLANG_WARN_OBJC_LITERAL_CONVERSION = YES;
				CLANG_WARN_OBJC_ROOT_CLASS = YES_ERROR;
				CLANG_WARN_QUOTED_INCLUDE_IN_FRAMEWORK_HEADER = YES;
				CLANG_WARN_RANGE_LOOP_ANALYSIS = YES;
				CLANG_WARN_STRICT_PROTOTYPES = YES;
				CLANG_WARN_SUSPICIOUS_MOVE = YES;
				CLANG_WARN_UNGUARDED_AVAILABILITY = YES_AGGRESSIVE;
				CLANG_WARN_UNREACHABLE_CODE = YES;
				CLANG_WARN__DUPLICATE_METHOD_MATCH = YES;
				COPY_PHASE_STRIP = NO;
				DEBUG_INFORMATION_FORMAT = dwarf;
				ENABLE_STRICT_OBJC_MSGSEND = YES;
				ENABLE_TESTABILITY = YES;
				GCC_C_LANGUAGE_STANDARD = gnu11;
				GCC_DYNAMIC_NO_PIC = NO;
				GCC_NO_COMMON_BLOCKS = YES;
				GCC_OPTIMIZATION_LEVEL = 0;
				GCC_PREPROCESSOR_DEFINITIONS = (
					"DEBUG=1",
					"$(inherited)",
				);
				GCC_WARN_64_TO_32_BIT_CONVERSION = YES;
				GCC_WARN_ABOUT_RETURN_TYPE = YES_ERROR;
				GCC_WARN_UNDECLARED_SELECTOR = YES;
				GCC_WARN_UNINITIALIZED_AUTOS = YES_AGGRESSIVE;
				GCC_WARN_UNUSED_FUNCTION = YES;
				GCC_WARN_UNUSED_VARIABLE = YES;
				IPHONEOS_DEPLOYMENT_TARGET = 16.2;
				MTL_ENABLE_DEBUG_INFO = INCLUDE_SOURCE;
				MTL_FAST_MATH = YES;
				ONLY_ACTIVE_ARCH = YES;
				SDKROOT = iphoneos;
				SWIFT_ACTIVE_COMPILATION_CONDITIONS = DEBUG;
				SWIFT_OPTIMIZATION_LEVEL = "-Onone";
			};
			name = Debug;
		};
		8C70F4362A8FA0ED000177CF /* Release */ = {
			isa = XCBuildConfiguration;
			buildSettings = {
				ALWAYS_SEARCH_USER_PATHS = NO;
				CLANG_ANALYZER_NONNULL = YES;
				CLANG_ANALYZER_NUMBER_OBJECT_CONVERSION = YES_AGGRESSIVE;
				CLANG_CXX_LANGUAGE_STANDARD = "gnu++20";
				CLANG_ENABLE_MODULES = YES;
				CLANG_ENABLE_OBJC_ARC = YES;
				CLANG_ENABLE_OBJC_WEAK = YES;
				CLANG_WARN_BLOCK_CAPTURE_AUTORELEASING = YES;
				CLANG_WARN_BOOL_CONVERSION = YES;
				CLANG_WARN_COMMA = YES;
				CLANG_WARN_CONSTANT_CONVERSION = YES;
				CLANG_WARN_DEPRECATED_OBJC_IMPLEMENTATIONS = YES;
				CLANG_WARN_DIRECT_OBJC_ISA_USAGE = YES_ERROR;
				CLANG_WARN_DOCUMENTATION_COMMENTS = YES;
				CLANG_WARN_EMPTY_BODY = YES;
				CLANG_WARN_ENUM_CONVERSION = YES;
				CLANG_WARN_INFINITE_RECURSION = YES;
				CLANG_WARN_INT_CONVERSION = YES;
				CLANG_WARN_NON_LITERAL_NULL_CONVERSION = YES;
				CLANG_WARN_OBJC_IMPLICIT_RETAIN_SELF = YES;
				CLANG_WARN_OBJC_LITERAL_CONVERSION = YES;
				CLANG_WARN_OBJC_ROOT_CLASS = YES_ERROR;
				CLANG_WARN_QUOTED_INCLUDE_IN_FRAMEWORK_HEADER = YES;
				CLANG_WARN_RANGE_LOOP_ANALYSIS = YES;
				CLANG_WARN_STRICT_PROTOTYPES = YES;
				CLANG_WARN_SUSPICIOUS_MOVE = YES;
				CLANG_WARN_UNGUARDED_AVAILABILITY = YES_AGGRESSIVE;
				CLANG_WARN_UNREACHABLE_CODE = YES;
				CLANG_WARN__DUPLICATE_METHOD_MATCH = YES;
				COPY_PHASE_STRIP = NO;
				DEBUG_INFORMATION_FORMAT = "dwarf-with-dsym";
				ENABLE_NS_ASSERTIONS = NO;
				ENABLE_STRICT_OBJC_MSGSEND = YES;
				GCC_C_LANGUAGE_STANDARD = gnu11;
				GCC_NO_COMMON_BLOCKS = YES;
				GCC_WARN_64_TO_32_BIT_CONVERSION = YES;
				GCC_WARN_ABOUT_RETURN_TYPE = YES_ERROR;
				GCC_WARN_UNDECLARED_SELECTOR = YES;
				GCC_WARN_UNINITIALIZED_AUTOS = YES_AGGRESSIVE;
				GCC_WARN_UNUSED_FUNCTION = YES;
				GCC_WARN_UNUSED_VARIABLE = YES;
				IPHONEOS_DEPLOYMENT_TARGET = 16.2;
				MTL_ENABLE_DEBUG_INFO = NO;
				MTL_FAST_MATH = YES;
				SDKROOT = iphoneos;
				SWIFT_COMPILATION_MODE = wholemodule;
				SWIFT_OPTIMIZATION_LEVEL = "-O";
				VALIDATE_PRODUCT = YES;
			};
			name = Release;
		};
		8C70F4382A8FA0ED000177CF /* Debug */ = {
			isa = XCBuildConfiguration;
			buildSettings = {
				ASSETCATALOG_COMPILER_APPICON_NAME = AppIcon;
				ASSETCATALOG_COMPILER_GLOBAL_ACCENT_COLOR_NAME = AccentColor;
				CODE_SIGN_STYLE = Automatic;
				CURRENT_PROJECT_VERSION = 1;
				DEVELOPMENT_ASSET_PATHS = "\"ProjectLibrarium/Preview Content\"";
				ENABLE_PREVIEWS = YES;
				GENERATE_INFOPLIST_FILE = YES;
				INFOPLIST_KEY_UIApplicationSceneManifest_Generation = YES;
				INFOPLIST_KEY_UIApplicationSupportsIndirectInputEvents = YES;
				INFOPLIST_KEY_UILaunchScreen_Generation = YES;
				INFOPLIST_KEY_UISupportedInterfaceOrientations_iPad = "UIInterfaceOrientationPortrait UIInterfaceOrientationPortraitUpsideDown UIInterfaceOrientationLandscapeLeft UIInterfaceOrientationLandscapeRight";
				INFOPLIST_KEY_UISupportedInterfaceOrientations_iPhone = "UIInterfaceOrientationPortrait UIInterfaceOrientationLandscapeLeft UIInterfaceOrientationLandscapeRight";
				IPHONEOS_DEPLOYMENT_TARGET = 16.0;
				LD_RUNPATH_SEARCH_PATHS = (
					"$(inherited)",
					"@executable_path/Frameworks",
				);
				MARKETING_VERSION = 1.0;
				PRODUCT_BUNDLE_IDENTIFIER = Andrey.ProjectLibrarium;
				PRODUCT_NAME = "$(TARGET_NAME)";
				SWIFT_EMIT_LOC_STRINGS = YES;
				SWIFT_VERSION = 5.0;
				TARGETED_DEVICE_FAMILY = "1,2";
			};
			name = Debug;
		};
		8C70F4392A8FA0ED000177CF /* Release */ = {
			isa = XCBuildConfiguration;
			buildSettings = {
				ASSETCATALOG_COMPILER_APPICON_NAME = AppIcon;
				ASSETCATALOG_COMPILER_GLOBAL_ACCENT_COLOR_NAME = AccentColor;
				CODE_SIGN_STYLE = Automatic;
				CURRENT_PROJECT_VERSION = 1;
				DEVELOPMENT_ASSET_PATHS = "\"ProjectLibrarium/Preview Content\"";
				ENABLE_PREVIEWS = YES;
				GENERATE_INFOPLIST_FILE = YES;
				INFOPLIST_KEY_UIApplicationSceneManifest_Generation = YES;
				INFOPLIST_KEY_UIApplicationSupportsIndirectInputEvents = YES;
				INFOPLIST_KEY_UILaunchScreen_Generation = YES;
				INFOPLIST_KEY_UISupportedInterfaceOrientations_iPad = "UIInterfaceOrientationPortrait UIInterfaceOrientationPortraitUpsideDown UIInterfaceOrientationLandscapeLeft UIInterfaceOrientationLandscapeRight";
				INFOPLIST_KEY_UISupportedInterfaceOrientations_iPhone = "UIInterfaceOrientationPortrait UIInterfaceOrientationLandscapeLeft UIInterfaceOrientationLandscapeRight";
				IPHONEOS_DEPLOYMENT_TARGET = 16.0;
				LD_RUNPATH_SEARCH_PATHS = (
					"$(inherited)",
					"@executable_path/Frameworks",
				);
				MARKETING_VERSION = 1.0;
				PRODUCT_BUNDLE_IDENTIFIER = Andrey.ProjectLibrarium;
				PRODUCT_NAME = "$(TARGET_NAME)";
				SWIFT_EMIT_LOC_STRINGS = YES;
				SWIFT_VERSION = 5.0;
				TARGETED_DEVICE_FAMILY = "1,2";
			};
			name = Release;
		};
/* End XCBuildConfiguration section */

/* Begin XCConfigurationList section */
		8C70F4242A8FA0EC000177CF /* Build configuration list for PBXProject "ProjectLibrarium" */ = {
			isa = XCConfigurationList;
			buildConfigurations = (
				8C70F4352A8FA0ED000177CF /* Debug */,
				8C70F4362A8FA0ED000177CF /* Release */,
			);
			defaultConfigurationIsVisible = 0;
			defaultConfigurationName = Release;
		};
		8C70F4372A8FA0ED000177CF /* Build configuration list for PBXNativeTarget "ProjectLibrarium" */ = {
			isa = XCConfigurationList;
			buildConfigurations = (
				8C70F4382A8FA0ED000177CF /* Debug */,
				8C70F4392A8FA0ED000177CF /* Release */,
			);
			defaultConfigurationIsVisible = 0;
			defaultConfigurationName = Release;
		};
/* End XCConfigurationList section */

/* Begin XCRemoteSwiftPackageReference section */
		8C9616F92A9BDD8800752441 /* XCRemoteSwiftPackageReference "Nuke" */ = {
			isa = XCRemoteSwiftPackageReference;
			repositoryURL = "https://github.com/kean/Nuke";
			requirement = {
				branch = main;
				kind = branch;
			};
		};
/* End XCRemoteSwiftPackageReference section */

/* Begin XCSwiftPackageProductDependency section */
		8C9616FA2A9BDD8800752441 /* Nuke */ = {
			isa = XCSwiftPackageProductDependency;
			package = 8C9616F92A9BDD8800752441 /* XCRemoteSwiftPackageReference "Nuke" */;
			productName = Nuke;
		};
		8C9616FC2A9BDD8800752441 /* NukeExtensions */ = {
			isa = XCSwiftPackageProductDependency;
			package = 8C9616F92A9BDD8800752441 /* XCRemoteSwiftPackageReference "Nuke" */;
			productName = NukeExtensions;
		};
		8C9616FE2A9BDD8800752441 /* NukeUI */ = {
			isa = XCSwiftPackageProductDependency;
			package = 8C9616F92A9BDD8800752441 /* XCRemoteSwiftPackageReference "Nuke" */;
			productName = NukeUI;
		};
		8C9617002A9BDD8800752441 /* NukeVideo */ = {
			isa = XCSwiftPackageProductDependency;
			package = 8C9616F92A9BDD8800752441 /* XCRemoteSwiftPackageReference "Nuke" */;
			productName = NukeVideo;
		};
/* End XCSwiftPackageProductDependency section */
	};
	rootObject = 8C70F4212A8FA0EC000177CF /* Project object */;
}
